{
  "name": "esbuild-starter",
  "version": "1.0.0",
  "lockfileVersion": 1,
  "requires": true,
  "dependencies": {
    "esbuild": {
      "version": "0.12.24",
      "resolved": "https://registry.npmjs.org/esbuild/-/esbuild-0.12.24.tgz",
      "integrity": "sha512-C0ibY+HsXzYB6L/pLWEiWjMpghKsIc58Q5yumARwBQsHl9DXPakW+5NI/Y9w4YXiz0PEP6XTGTT/OV4Nnsmb4A==",
      "dev": true
    }
  }
}
